{
  "name": "cosmevalera.github.io",
  "lockfileVersion": 2,
  "requires": true,
  "packages": {
    "": {
      "dependencies": {
        "animate.css": "^4.1.1"
      },
      "devDependencies": {
        "zola-bin": "^1.0.0"
      }
    },
    "node_modules/@u-c-s/zola-darwin-arm64": {
      "version": "0.19.2",
      "resolved": "https://registry.npmjs.org/@u-c-s/zola-darwin-arm64/-/zola-darwin-arm64-0.19.2.tgz",
      "integrity": "sha512-qFUbF2P+AKr07gt48OENRFUy2AKmxvtZmI1PV6x9MCpct5VbdHACgjNAfiOAgDv3FBQ43CLh2ymLDhtEL/3phA==",
      "cpu": [
        "arm64"
      ],
      "dev": true,
      "license": "MIT",
      "optional": true,
      "os": [
        "darwin"
      ],
      "engines": {
        "node": ">= 16"
      }
    },
    "node_modules/@u-c-s/zola-darwin-x64": {
      "version": "0.19.2",
      "resolved": "https://registry.npmjs.org/@u-c-s/zola-darwin-x64/-/zola-darwin-x64-0.19.2.tgz",
      "integrity": "sha512-gLi4jZrcA+KQUMTS2eatGIYCWvhyO5SMZnPNN9uf3I8/55MlTuhBi9z22THu+rYPPY0pW0VqHwA0Wk4FOqYkVw==",
      "cpu": [
        "x64"
      ],
      "dev": true,
      "license": "MIT",
      "optional": true,
      "os": [
        "darwin"
      ],
      "engines": {
        "node": ">= 16"
      }
    },
    "node_modules/@u-c-s/zola-linux-x64-gnu": {
      "version": "0.19.2",
      "resolved": "https://registry.npmjs.org/@u-c-s/zola-linux-x64-gnu/-/zola-linux-x64-gnu-0.19.2.tgz",
      "integrity": "sha512-QzV5ICB/vi2grpDR4eZBLDqUCHYBmttAaiVA9xwvIiStBxkrLdrAF0p/hakM5YpVpYfjdzy7cmjTypg+6+j6kw==",
      "cpu": [
        "x64"
      ],
      "dev": true,
      "license": "MIT",
      "optional": true,
      "os": [
        "linux"
      ],
      "engines": {
        "node": ">= 16"
      }
    },
    "node_modules/@u-c-s/zola-win32-x64-msvc": {
      "version": "0.19.2",
      "resolved": "https://registry.npmjs.org/@u-c-s/zola-win32-x64-msvc/-/zola-win32-x64-msvc-0.19.2.tgz",
      "integrity": "sha512-kVcvFEsDf3zbTZzRgBNhgykk73jnM1LyXuAdEWY536Xui5NLuVNJVO/L0q/rK7SDEHnlczcqIZsJ83+xrH5jkg==",
      "cpu": [
        "x64"
      ],
      "dev": true,
      "license": "MIT",
      "optional": true,
      "os": [
        "win32"
      ],
      "engines": {
        "node": ">= 16"
      }
    },
    "node_modules/animate.css": {
      "version": "4.1.1",
      "resolved": "https://registry.npmjs.org/animate.css/-/animate.css-4.1.1.tgz",
      "integrity": "sha512-+mRmCTv6SbCmtYJCN4faJMNFVNN5EuCTTprDTAo7YzIGji2KADmakjVA3+8mVDkZ2Bf09vayB35lSQIex2+QaQ=="
    },
    "node_modules/zola-bin": {
      "version": "1.0.0",
      "resolved": "https://registry.npmjs.org/zola-bin/-/zola-bin-1.0.0.tgz",
      "integrity": "sha512-M7XSvKnnadJaqNBuZFJWgi4QFOMs+2n/jrBaO6jb7rcA0BL26uOBN8rKb8dckfWfgfqrBAG3ukiMd3sHYKVC3w==",
      "dev": true,
      "license": "MIT",
      "bin": {
        "zola-bin": "bin/zola.js"
      },
      "engines": {
        "node": ">= 20"
      },
      "optionalDependencies": {
        "@u-c-s/zola-darwin-arm64": "0.19.2",
        "@u-c-s/zola-darwin-x64": "0.19.2",
        "@u-c-s/zola-linux-x64-gnu": "0.19.2",
        "@u-c-s/zola-win32-x64-msvc": "0.19.2"
      }
    }
  },
  "dependencies": {
    "@u-c-s/zola-darwin-arm64": {
      "version": "0.19.2",
      "resolved": "https://registry.npmjs.org/@u-c-s/zola-darwin-arm64/-/zola-darwin-arm64-0.19.2.tgz",
      "integrity": "sha512-qFUbF2P+AKr07gt48OENRFUy2AKmxvtZmI1PV6x9MCpct5VbdHACgjNAfiOAgDv3FBQ43CLh2ymLDhtEL/3phA==",
      "dev": true,
      "optional": true
    },
    "@u-c-s/zola-darwin-x64": {
      "version": "0.19.2",
      "resolved": "https://registry.npmjs.org/@u-c-s/zola-darwin-x64/-/zola-darwin-x64-0.19.2.tgz",
      "integrity": "sha512-gLi4jZrcA+KQUMTS2eatGIYCWvhyO5SMZnPNN9uf3I8/55MlTuhBi9z22THu+rYPPY0pW0VqHwA0Wk4FOqYkVw==",
      "dev": true,
      "optional": true
    },
    "@u-c-s/zola-linux-x64-gnu": {
      "version": "0.19.2",
      "resolved": "https://registry.npmjs.org/@u-c-s/zola-linux-x64-gnu/-/zola-linux-x64-gnu-0.19.2.tgz",
      "integrity": "sha512-QzV5ICB/vi2grpDR4eZBLDqUCHYBmttAaiVA9xwvIiStBxkrLdrAF0p/hakM5YpVpYfjdzy7cmjTypg+6+j6kw==",
      "dev": true,
      "optional": true
    },
    "@u-c-s/zola-win32-x64-msvc": {
      "version": "0.19.2",
      "resolved": "https://registry.npmjs.org/@u-c-s/zola-win32-x64-msvc/-/zola-win32-x64-msvc-0.19.2.tgz",
      "integrity": "sha512-kVcvFEsDf3zbTZzRgBNhgykk73jnM1LyXuAdEWY536Xui5NLuVNJVO/L0q/rK7SDEHnlczcqIZsJ83+xrH5jkg==",
      "dev": true,
      "optional": true
    },
    "animate.css": {
      "version": "4.1.1",
      "resolved": "https://registry.npmjs.org/animate.css/-/animate.css-4.1.1.tgz",
      "integrity": "sha512-+mRmCTv6SbCmtYJCN4faJMNFVNN5EuCTTprDTAo7YzIGji2KADmakjVA3+8mVDkZ2Bf09vayB35lSQIex2+QaQ=="
    },
    "zola-bin": {
      "version": "1.0.0",
      "resolved": "https://registry.npmjs.org/zola-bin/-/zola-bin-1.0.0.tgz",
      "integrity": "sha512-M7XSvKnnadJaqNBuZFJWgi4QFOMs+2n/jrBaO6jb7rcA0BL26uOBN8rKb8dckfWfgfqrBAG3ukiMd3sHYKVC3w==",
      "dev": true,
      "requires": {
        "@u-c-s/zola-darwin-arm64": "0.19.2",
        "@u-c-s/zola-darwin-x64": "0.19.2",
        "@u-c-s/zola-linux-x64-gnu": "0.19.2",
        "@u-c-s/zola-win32-x64-msvc": "0.19.2"
      }
    }
  }
}
